{
  "requires": true,
  "lockfileVersion": 1,
  "dependencies": {
    "geolib": {
      "version": "2.0.24",
      "resolved": "https://registry.npmjs.org/geolib/-/geolib-2.0.24.tgz",
      "integrity": "sha512-NR0AyYyEnGrFS9JvSFmmotQDxVCORJgDHdvBwSatxl5aHarOLMh3KuGI83bCvCfObjfoEiDe8Ung8GGLGAtthw=="
    },
    "lethexa-motionpredict": {
      "version": "0.4.1",
      "resolved": "https://registry.npmjs.org/lethexa-motionpredict/-/lethexa-motionpredict-0.4.1.tgz",
      "integrity": "sha1-CQEOrWZ8QR2tx0Rhu2caTw1WSpE="
    }
  }
}
